
Microsoft Visual Studio Solution File, Format Version 12.00
# Visual Studio Version 17
VisualStudioVersion = 17.0.31903.59
MinimumVisualStudioVersion = 10.0.40219.1
Project("{2150E333-8FDC-42A3-9474-1A3956D46DE8}") = "1. Domain", "1. Domain", "{26EE4112-82E5-4C75-8AF6-AB28F3286AC2}"
EndProject
Project("{9A19103F-16F7-4668-BE54-9A1E7A4F7556}") = "DatingApp.Domain", "1. Domain\DatingApp.Domain\DatingApp.Domain.csproj", "{137E9322-13EE-4946-B976-DB43D440477C}"
EndProject
Project("{2150E333-8FDC-42A3-9474-1A3956D46DE8}") = "2. DAL", "2. DAL", "{19837D82-2712-47AB-9567-236CE3F51BE7}"
EndProject
Project("{9A19103F-16F7-4668-BE54-9A1E7A4F7556}") = "DatingApp.DAL", "2. DAL\DatingApp.DAL\DatingApp.DAL.csproj", "{EC69EE23-6DCD-498E-8911-4A50182D1832}"
EndProject
Project("{2150E333-8FDC-42A3-9474-1A3956D46DE8}") = "3. BLL", "3. BLL", "{F0124737-187F-4096-8F04-61C8114C3B8B}"
EndProject
Project("{9A19103F-16F7-4668-BE54-9A1E7A4F7556}") = "DatingApp.BLL", "3. BLL\DatingApp.BLL\DatingApp.BLL.csproj", "{E4937E34-80A9-491D-BC3D-712AC3909A56}"
EndProject
Project("{2150E333-8FDC-42A3-9474-1A3956D46DE8}") = "4. UI", "4. UI", "{7647E19C-F3E4-458B-A306-D42FDED0AA86}"
EndProject
Project("{9A19103F-16F7-4668-BE54-9A1E7A4F7556}") = "DatingApp.WebApi", "4. UI\DatingApp.UI\DatingApp.WebApi.csproj", "{5DDB554B-9FE1-44E8-9CED-DA1C7307BF5A}"
EndProject
Global
	GlobalSection(SolutionConfigurationPlatforms) = preSolution
		Debug|Any CPU = Debug|Any CPU
		Release|Any CPU = Release|Any CPU
	EndGlobalSection
	GlobalSection(ProjectConfigurationPlatforms) = postSolution
		{137E9322-13EE-4946-B976-DB43D440477C}.Debug|Any CPU.ActiveCfg = Debug|Any CPU
		{137E9322-13EE-4946-B976-DB43D440477C}.Debug|Any CPU.Build.0 = Debug|Any CPU
		{137E9322-13EE-4946-B976-DB43D440477C}.Release|Any CPU.ActiveCfg = Release|Any CPU
		{137E9322-13EE-4946-B976-DB43D440477C}.Release|Any CPU.Build.0 = Release|Any CPU
		{EC69EE23-6DCD-498E-8911-4A50182D1832}.Debug|Any CPU.ActiveCfg = Debug|Any CPU
		{EC69EE23-6DCD-498E-8911-4A50182D1832}.Debug|Any CPU.Build.0 = Debug|Any CPU
		{EC69EE23-6DCD-498E-8911-4A50182D1832}.Release|Any CPU.ActiveCfg = Release|Any CPU
		{EC69EE23-6DCD-498E-8911-4A50182D1832}.Release|Any CPU.Build.0 = Release|Any CPU
		{E4937E34-80A9-491D-BC3D-712AC3909A56}.Debug|Any CPU.ActiveCfg = Debug|Any CPU
		{E4937E34-80A9-491D-BC3D-712AC3909A56}.Debug|Any CPU.Build.0 = Debug|Any CPU
		{E4937E34-80A9-491D-BC3D-712AC3909A56}.Release|Any CPU.ActiveCfg = Release|Any CPU
		{E4937E34-80A9-491D-BC3D-712AC3909A56}.Release|Any CPU.Build.0 = Release|Any CPU
		{5DDB554B-9FE1-44E8-9CED-DA1C7307BF5A}.Debug|Any CPU.ActiveCfg = Debug|Any CPU
		{5DDB554B-9FE1-44E8-9CED-DA1C7307BF5A}.Debug|Any CPU.Build.0 = Debug|Any CPU
		{5DDB554B-9FE1-44E8-9CED-DA1C7307BF5A}.Release|Any CPU.ActiveCfg = Release|Any CPU
		{5DDB554B-9FE1-44E8-9CED-DA1C7307BF5A}.Release|Any CPU.Build.0 = Release|Any CPU
	EndGlobalSection
	GlobalSection(SolutionProperties) = preSolution
		HideSolutionNode = FALSE
	EndGlobalSection
	GlobalSection(NestedProjects) = preSolution
		{137E9322-13EE-4946-B976-DB43D440477C} = {26EE4112-82E5-4C75-8AF6-AB28F3286AC2}
		{EC69EE23-6DCD-498E-8911-4A50182D1832} = {19837D82-2712-47AB-9567-236CE3F51BE7}
		{E4937E34-80A9-491D-BC3D-712AC3909A56} = {F0124737-187F-4096-8F04-61C8114C3B8B}
		{5DDB554B-9FE1-44E8-9CED-DA1C7307BF5A} = {7647E19C-F3E4-458B-A306-D42FDED0AA86}
	EndGlobalSection
	GlobalSection(ExtensibilityGlobals) = postSolution
		SolutionGuid = {131E7011-653E-42BA-90B3-8D25D5702DEC}
	EndGlobalSection
EndGlobal
